dependencies:
- name: open-webui
  repository: https://helm.openwebui.com/
  version: 3.1.0
- name: qdrant
  repository: https://qdrant.github.io/qdrant-helm
  version: 0.10.1
- name: langtrace
  repository: https://Scale3-Labs.github.io/langtrace-helm-chart
  version: 1.0.2
digest: sha256:3dd5e8078c8ef9801b80d46bfa15fc7c9a60692e1b5e26024dbb9cae8d8a3f16
generated: "2024-09-08T10:04:52.509804429+02:00"
